
Microsoft Visual Studio Solution File, Format Version 12.00
# Visual Studio Version 16
VisualStudioVersion = 16.0.30804.86
MinimumVisualStudioVersion = 10.0.40219.1
Project("{FAE04EC0-301F-11D3-BF4B-00C04F79EFBC}") = "LoginPage", "LoginPage.csproj", "{062E71EF-C362-4FC1-9A3A-ACD03DB2492B}"
EndProject
Global
	GlobalSection(SolutionConfigurationPlatforms) = preSolution
		Debug|Any CPU = Debug|Any CPU
		Release|Any CPU = Release|Any CPU
	EndGlobalSection
	GlobalSection(ProjectConfigurationPlatforms) = postSolution
		{062E71EF-C362-4FC1-9A3A-ACD03DB2492B}.Debug|Any CPU.ActiveCfg = Debug|Any CPU
		{062E71EF-C362-4FC1-9A3A-ACD03DB2492B}.Debug|Any CPU.Build.0 = Debug|Any CPU
		{062E71EF-C362-4FC1-9A3A-ACD03DB2492B}.Release|Any CPU.ActiveCfg = Release|Any CPU
		{062E71EF-C362-4FC1-9A3A-ACD03DB2492B}.Release|Any CPU.Build.0 = Release|Any CPU
	EndGlobalSection
	GlobalSection(SolutionProperties) = preSolution
		HideSolutionNode = FALSE
	EndGlobalSection
	GlobalSection(ExtensibilityGlobals) = postSolution
		SolutionGuid = {6BCEB29C-4746-413B-A17E-A843BAD44891}
	EndGlobalSection
EndGlobal
